
Microsoft Visual Studio Solution File, Format Version 12.00
# Visual Studio Version 16
VisualStudioVersion = 16.0.30621.155
MinimumVisualStudioVersion = 10.0.40219.1
Project("{FAE04EC0-301F-11D3-BF4B-00C04F79EFBC}") = "AutoService", "AutoService\AutoService.csproj", "{8F0FAF9B-C057-4E2E-A368-F7733E046B23}"
EndProject
Global
	GlobalSection(SolutionConfigurationPlatforms) = preSolution
		Debug|Any CPU = Debug|Any CPU
		Release|Any CPU = Release|Any CPU
	EndGlobalSection
	GlobalSection(ProjectConfigurationPlatforms) = postSolution
		{8F0FAF9B-C057-4E2E-A368-F7733E046B23}.Debug|Any CPU.ActiveCfg = Debug|Any CPU
		{8F0FAF9B-C057-4E2E-A368-F7733E046B23}.Debug|Any CPU.Build.0 = Debug|Any CPU
		{8F0FAF9B-C057-4E2E-A368-F7733E046B23}.Release|Any CPU.ActiveCfg = Release|Any CPU
		{8F0FAF9B-C057-4E2E-A368-F7733E046B23}.Release|Any CPU.Build.0 = Release|Any CPU
	EndGlobalSection
	GlobalSection(SolutionProperties) = preSolution
		HideSolutionNode = FALSE
	EndGlobalSection
	GlobalSection(ExtensibilityGlobals) = postSolution
		SolutionGuid = {F7A500B3-1EC1-4037-8754-51FDACC793D5}
	EndGlobalSection
EndGlobal
